// !$*UTF8*$!
{
	archiveVersion = 1;
	classes = {
	};
	objectVersion = 56;
	objects = {

/* Begin PBXBuildFile section */
		8EAEE2A12AC979C900C43248 /* WeatherBotApp.swift in Sources */ = {isa = PBXBuildFile; fileRef = 8EAEE2A02AC979C900C43248 /* WeatherBotApp.swift */; };
		8EAEE2A32AC979C900C43248 /* ContentView.swift in Sources */ = {isa = PBXBuildFile; fileRef = 8EAEE2A22AC979C900C43248 /* ContentView.swift */; };
		8EAEE2A52AC979C900C43248 /* Assets.xcassets in Resources */ = {isa = PBXBuildFile; fileRef = 8EAEE2A42AC979C900C43248 /* Assets.xcassets */; };
		8EAEE2A82AC979C900C43248 /* Preview Assets.xcassets in Resources */ = {isa = PBXBuildFile; fileRef = 8EAEE2A72AC979C900C43248 /* Preview Assets.xcassets */; };
		8EAEE2AF2AC979F300C43248 /* MessageCellViewUser.swift in Sources */ = {isa = PBXBuildFile; fileRef = 8EAEE2AE2AC979F300C43248 /* MessageCellViewUser.swift */; };
		8EAEE2B12AC97A0400C43248 /* MessageCellViewBot.swift in Sources */ = {isa = PBXBuildFile; fileRef = 8EAEE2B02AC97A0400C43248 /* MessageCellViewBot.swift */; };
		8EAEE2B32AC97A1200C43248 /* WordTagger.swift in Sources */ = {isa = PBXBuildFile; fileRef = 8EAEE2B22AC97A1200C43248 /* WordTagger.swift */; };
		8EAEE2B52AC97A2000C43248 /* BotResponse.swift in Sources */ = {isa = PBXBuildFile; fileRef = 8EAEE2B42AC97A2000C43248 /* BotResponse.swift */; };
		8EAEE2B72AC97A3000C43248 /* Message.swift in Sources */ = {isa = PBXBuildFile; fileRef = 8EAEE2B62AC97A3000C43248 /* Message.swift */; };
		8EAEE2B92AC97A4000C43248 /* Conversation.swift in Sources */ = {isa = PBXBuildFile; fileRef = 8EAEE2B82AC97A4000C43248 /* Conversation.swift */; };
		8EE31DD22AC9ABD300BA1461 /* WeatherManager.swift in Sources */ = {isa = PBXBuildFile; fileRef = 8EE31DD12AC9ABD300BA1461 /* WeatherManager.swift */; };
		8EE31DD42AC9C86400BA1461 /* WeatherData.swift in Sources */ = {isa = PBXBuildFile; fileRef = 8EE31DD32AC9C86400BA1461 /* WeatherData.swift */; };
/* End PBXBuildFile section */

/* Begin PBXFileReference section */
		8EAEE29D2AC979C900C43248 /* WeatherBot.app */ = {isa = PBXFileReference; explicitFileType = wrapper.application; includeInIndex = 0; path = WeatherBot.app; sourceTree = BUILT_PRODUCTS_DIR; };
		8EAEE2A02AC979C900C43248 /* WeatherBotApp.swift */ = {isa = PBXFileReference; lastKnownFileType = sourcecode.swift; path = WeatherBotApp.swift; sourceTree = "<group>"; };
		8EAEE2A22AC979C900C43248 /* ContentView.swift */ = {isa = PBXFileReference; lastKnownFileType = sourcecode.swift; path = ContentView.swift; sourceTree = "<group>"; };
		8EAEE2A42AC979C900C43248 /* Assets.xcassets */ = {isa = PBXFileReference; lastKnownFileType = folder.assetcatalog; path = Assets.xcassets; sourceTree = "<group>"; };
		8EAEE2A72AC979C900C43248 /* Preview Assets.xcassets */ = {isa = PBXFileReference; lastKnownFileType = folder.assetcatalog; path = "Preview Assets.xcassets"; sourceTree = "<group>"; };
		8EAEE2AE2AC979F300C43248 /* MessageCellViewUser.swift */ = {isa = PBXFileReference; lastKnownFileType = sourcecode.swift; path = MessageCellViewUser.swift; sourceTree = "<group>"; };
		8EAEE2B02AC97A0400C43248 /* MessageCellViewBot.swift */ = {isa = PBXFileReference; lastKnownFileType = sourcecode.swift; path = MessageCellViewBot.swift; sourceTree = "<group>"; };
		8EAEE2B22AC97A1200C43248 /* WordTagger.swift */ = {isa = PBXFileReference; lastKnownFileType = sourcecode.swift; path = WordTagger.swift; sourceTree = "<group>"; };
		8EAEE2B42AC97A2000C43248 /* BotResponse.swift */ = {isa = PBXFileReference; lastKnownFileType = sourcecode.swift; path = BotResponse.swift; sourceTree = "<group>"; };
		8EAEE2B62AC97A3000C43248 /* Message.swift */ = {isa = PBXFileReference; lastKnownFileType = sourcecode.swift; path = Message.swift; sourceTree = "<group>"; };
		8EAEE2B82AC97A4000C43248 /* Conversation.swift */ = {isa = PBXFileReference; lastKnownFileType = sourcecode.swift; path = Conversation.swift; sourceTree = "<group>"; };
		8EE31DD12AC9ABD300BA1461 /* WeatherManager.swift */ = {isa = PBXFileReference; lastKnownFileType = sourcecode.swift; path = WeatherManager.swift; sourceTree = "<group>"; };
		8EE31DD32AC9C86400BA1461 /* WeatherData.swift */ = {isa = PBXFileReference; lastKnownFileType = sourcecode.swift; path = WeatherData.swift; sourceTree = "<group>"; };
/* End PBXFileReference section */

/* Begin PBXFrameworksBuildPhase section */
		8EAEE29A2AC979C900C43248 /* Frameworks */ = {
			isa = PBXFrameworksBuildPhase;
			buildActionMask = 2147483647;
			files = (
			);
			runOnlyForDeploymentPostprocessing = 0;
		};
/* End PBXFrameworksBuildPhase section */

/* Begin PBXGroup section */
		8EAEE2942AC979C900C43248 = {
			isa = PBXGroup;
			children = (
				8EAEE29F2AC979C900C43248 /* WeatherBot */,
				8EAEE29E2AC979C900C43248 /* Products */,
			);
			sourceTree = "<group>";
		};
		8EAEE29E2AC979C900C43248 /* Products */ = {
			isa = PBXGroup;
			children = (
				8EAEE29D2AC979C900C43248 /* WeatherBot.app */,
			);
			name = Products;
			sourceTree = "<group>";
		};
		8EAEE29F2AC979C900C43248 /* WeatherBot */ = {
			isa = PBXGroup;
			children = (
				8EAEE2A02AC979C900C43248 /* WeatherBotApp.swift */,
				8EAEE2C22AC97A9700C43248 /* CustomView */,
				8EAEE2C12AC97A9100C43248 /* Model */,
				8EAEE2C32AC97A9F00C43248 /* View */,
				8EAEE2A42AC979C900C43248 /* Assets.xcassets */,
				8EAEE2A62AC979C900C43248 /* Preview Content */,
			);
			path = WeatherBot;
			sourceTree = "<group>";
		};
		8EAEE2A62AC979C900C43248 /* Preview Content */ = {
			isa = PBXGroup;
			children = (
				8EAEE2A72AC979C900C43248 /* Preview Assets.xcassets */,
			);
			path = "Preview Content";
			sourceTree = "<group>";
		};
		8EAEE2C12AC97A9100C43248 /* Model */ = {
			isa = PBXGroup;
			children = (
				8EAEE2B82AC97A4000C43248 /* Conversation.swift */,
				8EAEE2B62AC97A3000C43248 /* Message.swift */,
				8EE31DD32AC9C86400BA1461 /* WeatherData.swift */,
				8EAEE2B42AC97A2000C43248 /* BotResponse.swift */,
				8EAEE2B22AC97A1200C43248 /* WordTagger.swift */,
				8EE31DD12AC9ABD300BA1461 /* WeatherManager.swift */,
			);
			path = Model;
			sourceTree = "<group>";
		};
		8EAEE2C22AC97A9700C43248 /* CustomView */ = {
			isa = PBXGroup;
			children = (
				8EAEE2AE2AC979F300C43248 /* MessageCellViewUser.swift */,
				8EAEE2B02AC97A0400C43248 /* MessageCellViewBot.swift */,
			);
			path = CustomView;
			sourceTree = "<group>";
		};
		8EAEE2C32AC97A9F00C43248 /* View */ = {
			isa = PBXGroup;
			children = (
				8EAEE2A22AC979C900C43248 /* ContentView.swift */,
			);
			path = View;
			sourceTree = "<group>";
		};
/* End PBXGroup section */

/* Begin PBXNativeTarget section */
		8EAEE29C2AC979C900C43248 /* WeatherBot */ = {
			isa = PBXNativeTarget;
			buildConfigurationList = 8EAEE2AB2AC979C900C43248 /* Build configuration list for PBXNativeTarget "WeatherBot" */;
			buildPhases = (
				8EAEE2992AC979C900C43248 /* Sources */,
				8EAEE29A2AC979C900C43248 /* Frameworks */,
				8EAEE29B2AC979C900C43248 /* Resources */,
			);
			buildRules = (
			);
			dependencies = (
			);
			name = WeatherBot;
			productName = WeatherBot;
			productReference = 8EAEE29D2AC979C900C43248 /* WeatherBot.app */;
			productType = "com.apple.product-type.application";
		};
/* End PBXNativeTarget section */

/* Begin PBXProject section */
		8EAEE2952AC979C900C43248 /* Project object */ = {
			isa = PBXProject;
			attributes = {
				BuildIndependentTargetsInParallel = 1;
				LastSwiftUpdateCheck = 1500;
				LastUpgradeCheck = 1500;
				TargetAttributes = {
					8EAEE29C2AC979C900C43248 = {
						CreatedOnToolsVersion = 15.0;
					};
				};
			};
			buildConfigurationList = 8EAEE2982AC979C900C43248 /* Build configuration list for PBXProject "WeatherBot" */;
			compatibilityVersion = "Xcode 14.0";
			developmentRegion = en;
			hasScannedForEncodings = 0;
			knownRegions = (
				en,
				Base,
			);
			mainGroup = 8EAEE2942AC979C900C43248;
			productRefGroup = 8EAEE29E2AC979C900C43248 /* Products */;
			projectDirPath = "";
			projectRoot = "";
			targets = (
				8EAEE29C2AC979C900C43248 /* WeatherBot */,
			);
		};
/* End PBXProject section */

/* Begin PBXResourcesBuildPhase section */
		8EAEE29B2AC979C900C43248 /* Resources */ = {
			isa = PBXResourcesBuildPhase;
			buildActionMask = 2147483647;
			files = (
				8EAEE2A82AC979C900C43248 /* Preview Assets.xcassets in Resources */,
				8EAEE2A52AC979C900C43248 /* Assets.xcassets in Resources */,
			);
			runOnlyForDeploymentPostprocessing = 0;
		};
/* End PBXResourcesBuildPhase section */

/* Begin PBXSourcesBuildPhase section */
		8EAEE2992AC979C900C43248 /* Sources */ = {
			isa = PBXSourcesBuildPhase;
			buildActionMask = 2147483647;
			files = (
				8EAEE2B92AC97A4000C43248 /* Conversation.swift in Sources */,
				8EAEE2B12AC97A0400C43248 /* MessageCellViewBot.swift in Sources */,
				8EAEE2B32AC97A1200C43248 /* WordTagger.swift in Sources */,
				8EAEE2B52AC97A2000C43248 /* BotResponse.swift in Sources */,
				8EE31DD22AC9ABD300BA1461 /* WeatherManager.swift in Sources */,
				8EAEE2A32AC979C900C43248 /* ContentView.swift in Sources */,
				8EAEE2A12AC979C900C43248 /* WeatherBotApp.swift in Sources */,
				8EAEE2AF2AC979F300C43248 /* MessageCellViewUser.swift in Sources */,
				8EAEE2B72AC97A3000C43248 /* Message.swift in Sources */,
				8EE31DD42AC9C86400BA1461 /* WeatherData.swift in Sources */,
			);
			runOnlyForDeploymentPostprocessing = 0;
		};
/* End PBXSourcesBuildPhase section */

/* Begin XCBuildConfiguration section */
		8EAEE2A92AC979C900C43248 /* Debug */ = {
			isa = XCBuildConfiguration;
			buildSettings = {
				ALWAYS_SEARCH_USER_PATHS = NO;
				ASSETCATALOG_COMPILER_GENERATE_SWIFT_ASSET_SYMBOL_EXTENSIONS = YES;
				CLANG_ANALYZER_NONNULL = YES;
				CLANG_ANALYZER_NUMBER_OBJECT_CONVERSION = YES_AGGRESSIVE;
				CLANG_CXX_LANGUAGE_STANDARD = "gnu++20";
				CLANG_ENABLE_MODULES = YES;
				CLANG_ENABLE_OBJC_ARC = YES;
				CLANG_ENABLE_OBJC_WEAK = YES;
				CLANG_WARN_BLOCK_CAPTURE_AUTORELEASING = YES;
				CLANG_WARN_BOOL_CONVERSION = YES;
				CLANG_WARN_COMMA = YES;
				CLANG_WARN_CONSTANT_CONVERSION = YES;
				CLANG_WARN_DEPRECATED_OBJC_IMPLEMENTATIONS = YES;
				CLANG_WARN_DIRECT_OBJC_ISA_USAGE = YES_ERROR;
				CLANG_WARN_DOCUMENTATION_COMMENTS = YES;
				CLANG_WARN_EMPTY_BODY = YES;
				CLANG_WARN_ENUM_CONVERSION = YES;
				CLANG_WARN_INFINITE_RECURSION = YES;
				CLANG_WARN_INT_CONVERSION = YES;
				CLANG_WARN_NON_LITERAL_NULL_CONVERSION = YES;
				CLANG_WARN_OBJC_IMPLICIT_RETAIN_SELF = YES;
				CLANG_WARN_OBJC_LITERAL_CONVERSION = YES;
				CLANG_WARN_OBJC_ROOT_CLASS = YES_ERROR;
				CLANG_WARN_QUOTED_INCLUDE_IN_FRAMEWORK_HEADER = YES;
				CLANG_WARN_RANGE_LOOP_ANALYSIS = YES;
				CLANG_WARN_STRICT_PROTOTYPES = YES;
				CLANG_WARN_SUSPICIOUS_MOVE = YES;
				CLANG_WARN_UNGUARDED_AVAILABILITY = YES_AGGRESSIVE;
				CLANG_WARN_UNREACHABLE_CODE = YES;
				CLANG_WARN__DUPLICATE_METHOD_MATCH = YES;
				COPY_PHASE_STRIP = NO;
				DEBUG_INFORMATION_FORMAT = dwarf;
				ENABLE_STRICT_OBJC_MSGSEND = YES;
				ENABLE_TESTABILITY = YES;
				ENABLE_USER_SCRIPT_SANDBOXING = YES;
				GCC_C_LANGUAGE_STANDARD = gnu17;
				GCC_DYNAMIC_NO_PIC = NO;
				GCC_NO_COMMON_BLOCKS = YES;
				GCC_OPTIMIZATION_LEVEL = 0;
				GCC_PREPROCESSOR_DEFINITIONS = (
					"DEBUG=1",
					"$(inherited)",
				);
				GCC_WARN_64_TO_32_BIT_CONVERSION = YES;
				GCC_WARN_ABOUT_RETURN_TYPE = YES_ERROR;
				GCC_WARN_UNDECLARED_SELECTOR = YES;
				GCC_WARN_UNINITIALIZED_AUTOS = YES_AGGRESSIVE;
				GCC_WARN_UNUSED_FUNCTION = YES;
				GCC_WARN_UNUSED_VARIABLE = YES;
				IPHONEOS_DEPLOYMENT_TARGET = 17.0;
				LOCALIZATION_PREFERS_STRING_CATALOGS = YES;
				MTL_ENABLE_DEBUG_INFO = INCLUDE_SOURCE;
				MTL_FAST_MATH = YES;
				ONLY_ACTIVE_ARCH = YES;
				SDKROOT = iphoneos;
				SWIFT_ACTIVE_COMPILATION_CONDITIONS = "DEBUG $(inherited)";
				SWIFT_OPTIMIZATION_LEVEL = "-Onone";
			};
			name = Debug;
		};
		8EAEE2AA2AC979C900C43248 /* Release */ = {
			isa = XCBuildConfiguration;
			buildSettings = {
				ALWAYS_SEARCH_USER_PATHS = NO;
				ASSETCATALOG_COMPILER_GENERATE_SWIFT_ASSET_SYMBOL_EXTENSIONS = YES;
				CLANG_ANALYZER_NONNULL = YES;
				CLANG_ANALYZER_NUMBER_OBJECT_CONVERSION = YES_AGGRESSIVE;
				CLANG_CXX_LANGUAGE_STANDARD = "gnu++20";
				CLANG_ENABLE_MODULES = YES;
				CLANG_ENABLE_OBJC_ARC = YES;
				CLANG_ENABLE_OBJC_WEAK = YES;
				CLANG_WARN_BLOCK_CAPTURE_AUTORELEASING = YES;
				CLANG_WARN_BOOL_CONVERSION = YES;
				CLANG_WARN_COMMA = YES;
				CLANG_WARN_CONSTANT_CONVERSION = YES;
				CLANG_WARN_DEPRECATED_OBJC_IMPLEMENTATIONS = YES;
				CLANG_WARN_DIRECT_OBJC_ISA_USAGE = YES_ERROR;
				CLANG_WARN_DOCUMENTATION_COMMENTS = YES;
				CLANG_WARN_EMPTY_BODY = YES;
				CLANG_WARN_ENUM_CONVERSION = YES;
				CLANG_WARN_INFINITE_RECURSION = YES;
				CLANG_WARN_INT_CONVERSION = YES;
				CLANG_WARN_NON_LITERAL_NULL_CONVERSION = YES;
				CLANG_WARN_OBJC_IMPLICIT_RETAIN_SELF = YES;
				CLANG_WARN_OBJC_LITERAL_CONVERSION = YES;
				CLANG_WARN_OBJC_ROOT_CLASS = YES_ERROR;
				CLANG_WARN_QUOTED_INCLUDE_IN_FRAMEWORK_HEADER = YES;
				CLANG_WARN_RANGE_LOOP_ANALYSIS = YES;
				CLANG_WARN_STRICT_PROTOTYPES = YES;
				CLANG_WARN_SUSPICIOUS_MOVE = YES;
				CLANG_WARN_UNGUARDED_AVAILABILITY = YES_AGGRESSIVE;
				CLANG_WARN_UNREACHABLE_CODE = YES;
				CLANG_WARN__DUPLICATE_METHOD_MATCH = YES;
				COPY_PHASE_STRIP = NO;
				DEBUG_INFORMATION_FORMAT = "dwarf-with-dsym";
				ENABLE_NS_ASSERTIONS = NO;
				ENABLE_STRICT_OBJC_MSGSEND = YES;
				ENABLE_USER_SCRIPT_SANDBOXING = YES;
				GCC_C_LANGUAGE_STANDARD = gnu17;
				GCC_NO_COMMON_BLOCKS = YES;
				GCC_WARN_64_TO_32_BIT_CONVERSION = YES;
				GCC_WARN_ABOUT_RETURN_TYPE = YES_ERROR;
				GCC_WARN_UNDECLARED_SELECTOR = YES;
				GCC_WARN_UNINITIALIZED_AUTOS = YES_AGGRESSIVE;
				GCC_WARN_UNUSED_FUNCTION = YES;
				GCC_WARN_UNUSED_VARIABLE = YES;
				IPHONEOS_DEPLOYMENT_TARGET = 17.0;
				LOCALIZATION_PREFERS_STRING_CATALOGS = YES;
				MTL_ENABLE_DEBUG_INFO = NO;
				MTL_FAST_MATH = YES;
				SDKROOT = iphoneos;
				SWIFT_COMPILATION_MODE = wholemodule;
				VALIDATE_PRODUCT = YES;
			};
			name = Release;
		};
		8EAEE2AC2AC979C900C43248 /* Debug */ = {
			isa = XCBuildConfiguration;
			buildSettings = {
				ASSETCATALOG_COMPILER_APPICON_NAME = AppIcon;
				ASSETCATALOG_COMPILER_GLOBAL_ACCENT_COLOR_NAME = AccentColor;
				CODE_SIGN_STYLE = Automatic;
				CURRENT_PROJECT_VERSION = 1;
				DEVELOPMENT_ASSET_PATHS = "\"WeatherBot/Preview Content\"";
				DEVELOPMENT_TEAM = G5XTFB6483;
				ENABLE_PREVIEWS = YES;
				GENERATE_INFOPLIST_FILE = YES;
				INFOPLIST_KEY_UIApplicationSceneManifest_Generation = YES;
				INFOPLIST_KEY_UIApplicationSupportsIndirectInputEvents = YES;
				INFOPLIST_KEY_UILaunchScreen_Generation = YES;
				INFOPLIST_KEY_UISupportedInterfaceOrientations_iPad = "UIInterfaceOrientationPortrait UIInterfaceOrientationPortraitUpsideDown UIInterfaceOrientationLandscapeLeft UIInterfaceOrientationLandscapeRight";
				INFOPLIST_KEY_UISupportedInterfaceOrientations_iPhone = "UIInterfaceOrientationPortrait UIInterfaceOrientationLandscapeLeft UIInterfaceOrientationLandscapeRight";
				LD_RUNPATH_SEARCH_PATHS = (
					"$(inherited)",
					"@executable_path/Frameworks",
				);
				MARKETING_VERSION = 1.0;
				PRODUCT_BUNDLE_IDENTIFIER = com.mspMMXX.WeatherBot;
				PRODUCT_NAME = "$(TARGET_NAME)";
				SWIFT_EMIT_LOC_STRINGS = YES;
				SWIFT_VERSION = 5.0;
				TARGETED_DEVICE_FAMILY = "1,2";
			};
			name = Debug;
		};
		8EAEE2AD2AC979C900C43248 /* Release */ = {
			isa = XCBuildConfiguration;
			buildSettings = {
				ASSETCATALOG_COMPILER_APPICON_NAME = AppIcon;
				ASSETCATALOG_COMPILER_GLOBAL_ACCENT_COLOR_NAME = AccentColor;
				CODE_SIGN_STYLE = Automatic;
				CURRENT_PROJECT_VERSION = 1;
				DEVELOPMENT_ASSET_PATHS = "\"WeatherBot/Preview Content\"";
				DEVELOPMENT_TEAM = G5XTFB6483;
				ENABLE_PREVIEWS = YES;
				GENERATE_INFOPLIST_FILE = YES;
				INFOPLIST_KEY_UIApplicationSceneManifest_Generation = YES;
				INFOPLIST_KEY_UIApplicationSupportsIndirectInputEvents = YES;
				INFOPLIST_KEY_UILaunchScreen_Generation = YES;
				INFOPLIST_KEY_UISupportedInterfaceOrientations_iPad = "UIInterfaceOrientationPortrait UIInterfaceOrientationPortraitUpsideDown UIInterfaceOrientationLandscapeLeft UIInterfaceOrientationLandscapeRight";
				INFOPLIST_KEY_UISupportedInterfaceOrientations_iPhone = "UIInterfaceOrientationPortrait UIInterfaceOrientationLandscapeLeft UIInterfaceOrientationLandscapeRight";
				LD_RUNPATH_SEARCH_PATHS = (
					"$(inherited)",
					"@executable_path/Frameworks",
				);
				MARKETING_VERSION = 1.0;
				PRODUCT_BUNDLE_IDENTIFIER = com.mspMMXX.WeatherBot;
				PRODUCT_NAME = "$(TARGET_NAME)";
				SWIFT_EMIT_LOC_STRINGS = YES;
				SWIFT_VERSION = 5.0;
				TARGETED_DEVICE_FAMILY = "1,2";
			};
			name = Release;
		};
/* End XCBuildConfiguration section */

/* Begin XCConfigurationList section */
		8EAEE2982AC979C900C43248 /* Build configuration list for PBXProject "WeatherBot" */ = {
			isa = XCConfigurationList;
			buildConfigurations = (
				8EAEE2A92AC979C900C43248 /* Debug */,
				8EAEE2AA2AC979C900C43248 /* Release */,
			);
			defaultConfigurationIsVisible = 0;
			defaultConfigurationName = Release;
		};
		8EAEE2AB2AC979C900C43248 /* Build configuration list for PBXNativeTarget "WeatherBot" */ = {
			isa = XCConfigurationList;
			buildConfigurations = (
				8EAEE2AC2AC979C900C43248 /* Debug */,
				8EAEE2AD2AC979C900C43248 /* Release */,
			);
			defaultConfigurationIsVisible = 0;
			defaultConfigurationName = Release;
		};
/* End XCConfigurationList section */
	};
	rootObject = 8EAEE2952AC979C900C43248 /* Project object */;
}
